
Microsoft Visual Studio Solution File, Format Version 12.00
# Visual Studio Version 17
VisualStudioVersion = 17.13.35919.96
MinimumVisualStudioVersion = 10.0.40219.1
Project("{FAE04EC0-301F-11D3-BF4B-00C04F79EFBC}") = "AIRouter.Core", "AIRouter.Core\AIRouter.Core.csproj", "{56F13D2A-89A0-47A3-9E31-5B485D89ADF8}"
EndProject
Project("{2150E333-8FDC-42A3-9474-1A3956D46DE8}") = "Samples", "Samples", "{02EA681E-C7D8-13C7-8484-4AC65E1B71E8}"
EndProject
Project("{FAE04EC0-301F-11D3-BF4B-00C04F79EFBC}") = "AIRouter.ChatApp.AppHost", "samples\AIRouter.ChatApp\AIRouter.ChatApp.AppHost\AIRouter.ChatApp.AppHost.csproj", "{E90C25A1-C606-0E26-AB67-2C57BF573A7F}"
EndProject
Project("{FAE04EC0-301F-11D3-BF4B-00C04F79EFBC}") = "AIRouter.ChatApp.ServiceDefaults", "samples\AIRouter.ChatApp\AIRouter.ChatApp.ServiceDefaults\AIRouter.ChatApp.ServiceDefaults.csproj", "{7DA46D8B-2961-192D-FD77-1F3A2E43AEEF}"
EndProject
Project("{FAE04EC0-301F-11D3-BF4B-00C04F79EFBC}") = "AIRouter.ChatApp.Web", "samples\AIRouter.ChatApp\AIRouter.ChatApp.Web\AIRouter.ChatApp.Web.csproj", "{788AA83E-FDE6-72DF-5669-B3CC3B4C30C7}"
EndProject
Project("{2150E333-8FDC-42A3-9474-1A3956D46DE8}") = "ChatApp", "ChatApp", "{0BF821C9-DA7E-48EC-99D0-1819CA4C43FD}"
EndProject
Project("{2150E333-8FDC-42A3-9474-1A3956D46DE8}") = "ConsoleSample", "ConsoleSample", "{5A6A48CF-3913-4A94-99B5-F8EA2F3C7967}"
EndProject
Project("{FAE04EC0-301F-11D3-BF4B-00C04F79EFBC}") = "AIRouter.Console", "Samples\ConsoleSample\AIRouter.Console\AIRouter.Console.csproj", "{85F27591-5AA4-E055-0078-31FCA7EE886C}"
EndProject
Project("{FAE04EC0-301F-11D3-BF4B-00C04F79EFBC}") = "AIRouter.WebAPI", "Samples\ConsoleSample\AIRouter.WebAPI\AIRouter.WebAPI.csproj", "{B843937F-BE3D-D3AE-F7DA-25A0D59AC9B7}"
EndProject
Global
	GlobalSection(SolutionConfigurationPlatforms) = preSolution
		Debug|Any CPU = Debug|Any CPU
		Release|Any CPU = Release|Any CPU
	EndGlobalSection
	GlobalSection(ProjectConfigurationPlatforms) = postSolution
		{56F13D2A-89A0-47A3-9E31-5B485D89ADF8}.Debug|Any CPU.ActiveCfg = Debug|Any CPU
		{56F13D2A-89A0-47A3-9E31-5B485D89ADF8}.Debug|Any CPU.Build.0 = Debug|Any CPU
		{56F13D2A-89A0-47A3-9E31-5B485D89ADF8}.Release|Any CPU.ActiveCfg = Release|Any CPU
		{56F13D2A-89A0-47A3-9E31-5B485D89ADF8}.Release|Any CPU.Build.0 = Release|Any CPU
		{E90C25A1-C606-0E26-AB67-2C57BF573A7F}.Debug|Any CPU.ActiveCfg = Debug|Any CPU
		{E90C25A1-C606-0E26-AB67-2C57BF573A7F}.Debug|Any CPU.Build.0 = Debug|Any CPU
		{E90C25A1-C606-0E26-AB67-2C57BF573A7F}.Release|Any CPU.ActiveCfg = Release|Any CPU
		{E90C25A1-C606-0E26-AB67-2C57BF573A7F}.Release|Any CPU.Build.0 = Release|Any CPU
		{7DA46D8B-2961-192D-FD77-1F3A2E43AEEF}.Debug|Any CPU.ActiveCfg = Debug|Any CPU
		{7DA46D8B-2961-192D-FD77-1F3A2E43AEEF}.Debug|Any CPU.Build.0 = Debug|Any CPU
		{7DA46D8B-2961-192D-FD77-1F3A2E43AEEF}.Release|Any CPU.ActiveCfg = Release|Any CPU
		{7DA46D8B-2961-192D-FD77-1F3A2E43AEEF}.Release|Any CPU.Build.0 = Release|Any CPU
		{788AA83E-FDE6-72DF-5669-B3CC3B4C30C7}.Debug|Any CPU.ActiveCfg = Debug|Any CPU
		{788AA83E-FDE6-72DF-5669-B3CC3B4C30C7}.Debug|Any CPU.Build.0 = Debug|Any CPU
		{788AA83E-FDE6-72DF-5669-B3CC3B4C30C7}.Release|Any CPU.ActiveCfg = Release|Any CPU
		{788AA83E-FDE6-72DF-5669-B3CC3B4C30C7}.Release|Any CPU.Build.0 = Release|Any CPU
		{85F27591-5AA4-E055-0078-31FCA7EE886C}.Debug|Any CPU.ActiveCfg = Debug|Any CPU
		{85F27591-5AA4-E055-0078-31FCA7EE886C}.Debug|Any CPU.Build.0 = Debug|Any CPU
		{85F27591-5AA4-E055-0078-31FCA7EE886C}.Release|Any CPU.ActiveCfg = Release|Any CPU
		{85F27591-5AA4-E055-0078-31FCA7EE886C}.Release|Any CPU.Build.0 = Release|Any CPU
		{B843937F-BE3D-D3AE-F7DA-25A0D59AC9B7}.Debug|Any CPU.ActiveCfg = Debug|Any CPU
		{B843937F-BE3D-D3AE-F7DA-25A0D59AC9B7}.Debug|Any CPU.Build.0 = Debug|Any CPU
		{B843937F-BE3D-D3AE-F7DA-25A0D59AC9B7}.Release|Any CPU.ActiveCfg = Release|Any CPU
		{B843937F-BE3D-D3AE-F7DA-25A0D59AC9B7}.Release|Any CPU.Build.0 = Release|Any CPU
	EndGlobalSection
	GlobalSection(SolutionProperties) = preSolution
		HideSolutionNode = FALSE
	EndGlobalSection
	GlobalSection(NestedProjects) = preSolution
		{E90C25A1-C606-0E26-AB67-2C57BF573A7F} = {0BF821C9-DA7E-48EC-99D0-1819CA4C43FD}
		{7DA46D8B-2961-192D-FD77-1F3A2E43AEEF} = {0BF821C9-DA7E-48EC-99D0-1819CA4C43FD}
		{788AA83E-FDE6-72DF-5669-B3CC3B4C30C7} = {0BF821C9-DA7E-48EC-99D0-1819CA4C43FD}
		{0BF821C9-DA7E-48EC-99D0-1819CA4C43FD} = {02EA681E-C7D8-13C7-8484-4AC65E1B71E8}
		{5A6A48CF-3913-4A94-99B5-F8EA2F3C7967} = {02EA681E-C7D8-13C7-8484-4AC65E1B71E8}
		{85F27591-5AA4-E055-0078-31FCA7EE886C} = {5A6A48CF-3913-4A94-99B5-F8EA2F3C7967}
		{B843937F-BE3D-D3AE-F7DA-25A0D59AC9B7} = {5A6A48CF-3913-4A94-99B5-F8EA2F3C7967}
	EndGlobalSection
	GlobalSection(ExtensibilityGlobals) = postSolution
		SolutionGuid = {2EE99FA5-F1AE-42C4-B30C-281898B50A58}
	EndGlobalSection
EndGlobal
